
Microsoft Visual Studio Solution File, Format Version 12.00
# Visual Studio Version 16
VisualStudioVersion = 16.0.32510.428
MinimumVisualStudioVersion = 10.0.40219.1
Project("{FAE04EC0-301F-11D3-BF4B-00C04F79EFBC}") = "SU3_Act8", "SU3_Act8.csproj", "{76EDD7A7-B55A-4D5C-BEF4-6EE45134CB0B}"
EndProject
Global
	GlobalSection(SolutionConfigurationPlatforms) = preSolution
		Debug|Any CPU = Debug|Any CPU
		Release|Any CPU = Release|Any CPU
	EndGlobalSection
	GlobalSection(ProjectConfigurationPlatforms) = postSolution
		{76EDD7A7-B55A-4D5C-BEF4-6EE45134CB0B}.Debug|Any CPU.ActiveCfg = Debug|Any CPU
		{76EDD7A7-B55A-4D5C-BEF4-6EE45134CB0B}.Debug|Any CPU.Build.0 = Debug|Any CPU
		{76EDD7A7-B55A-4D5C-BEF4-6EE45134CB0B}.Release|Any CPU.ActiveCfg = Release|Any CPU
		{76EDD7A7-B55A-4D5C-BEF4-6EE45134CB0B}.Release|Any CPU.Build.0 = Release|Any CPU
	EndGlobalSection
	GlobalSection(SolutionProperties) = preSolution
		HideSolutionNode = FALSE
	EndGlobalSection
	GlobalSection(ExtensibilityGlobals) = postSolution
		SolutionGuid = {253A310E-5E01-49AC-9811-70DF25E9DE89}
	EndGlobalSection
EndGlobal
