
Microsoft Visual Studio Solution File, Format Version 12.00
# Visual Studio Version 16
VisualStudioVersion = 16.0.31019.35
MinimumVisualStudioVersion = 10.0.40219.1
Project("{FAE04EC0-301F-11D3-BF4B-00C04F79EFBC}") = "Prac10.2_Creative_project_34202676", "Prac10.2_Creative_project_34202676\Prac10.2_Creative_project_34202676.csproj", "{7BDA8E7A-544D-4800-8659-F590E6AEE1D1}"
EndProject
Global
	GlobalSection(SolutionConfigurationPlatforms) = preSolution
		Debug|Any CPU = Debug|Any CPU
		Release|Any CPU = Release|Any CPU
	EndGlobalSection
	GlobalSection(ProjectConfigurationPlatforms) = postSolution
		{7BDA8E7A-544D-4800-8659-F590E6AEE1D1}.Debug|Any CPU.ActiveCfg = Debug|Any CPU
		{7BDA8E7A-544D-4800-8659-F590E6AEE1D1}.Debug|Any CPU.Build.0 = Debug|Any CPU
		{7BDA8E7A-544D-4800-8659-F590E6AEE1D1}.Release|Any CPU.ActiveCfg = Release|Any CPU
		{7BDA8E7A-544D-4800-8659-F590E6AEE1D1}.Release|Any CPU.Build.0 = Release|Any CPU
	EndGlobalSection
	GlobalSection(SolutionProperties) = preSolution
		HideSolutionNode = FALSE
	EndGlobalSection
	GlobalSection(ExtensibilityGlobals) = postSolution
		SolutionGuid = {01F5988E-3D06-40B1-B852-2520802A305D}
	EndGlobalSection
EndGlobal
