
Microsoft Visual Studio Solution File, Format Version 12.00
# Visual Studio Version 17
VisualStudioVersion = 17.1.32210.238
MinimumVisualStudioVersion = 10.0.40219.1
Project("{FAE04EC0-301F-11D3-BF4B-00C04F79EFBC}") = "SU2_Act1_34202676", "SU2_Act1_34202676\SU2_Act1_34202676.csproj", "{60BBA9F4-B3C5-4B44-AB1A-6680D16D82BC}"
EndProject
Global
	GlobalSection(SolutionConfigurationPlatforms) = preSolution
		Debug|Any CPU = Debug|Any CPU
		Release|Any CPU = Release|Any CPU
	EndGlobalSection
	GlobalSection(ProjectConfigurationPlatforms) = postSolution
		{60BBA9F4-B3C5-4B44-AB1A-6680D16D82BC}.Debug|Any CPU.ActiveCfg = Debug|Any CPU
		{60BBA9F4-B3C5-4B44-AB1A-6680D16D82BC}.Debug|Any CPU.Build.0 = Debug|Any CPU
		{60BBA9F4-B3C5-4B44-AB1A-6680D16D82BC}.Release|Any CPU.ActiveCfg = Release|Any CPU
		{60BBA9F4-B3C5-4B44-AB1A-6680D16D82BC}.Release|Any CPU.Build.0 = Release|Any CPU
	EndGlobalSection
	GlobalSection(SolutionProperties) = preSolution
		HideSolutionNode = FALSE
	EndGlobalSection
	GlobalSection(ExtensibilityGlobals) = postSolution
		SolutionGuid = {B35F9A36-3A05-47AD-A1E6-3F6F8DC09568}
	EndGlobalSection
EndGlobal
