
Microsoft Visual Studio Solution File, Format Version 12.00
# Visual Studio Version 17
VisualStudioVersion = 17.1.32210.238
MinimumVisualStudioVersion = 10.0.40219.1
Project("{FAE04EC0-301F-11D3-BF4B-00C04F79EFBC}") = "Act7_34202676", "Act7_34202676\Act7_34202676.csproj", "{5F21E0CC-AE36-4227-95BA-54B7AF4DAD04}"
EndProject
Global
	GlobalSection(SolutionConfigurationPlatforms) = preSolution
		Debug|Any CPU = Debug|Any CPU
		Release|Any CPU = Release|Any CPU
	EndGlobalSection
	GlobalSection(ProjectConfigurationPlatforms) = postSolution
		{5F21E0CC-AE36-4227-95BA-54B7AF4DAD04}.Debug|Any CPU.ActiveCfg = Debug|Any CPU
		{5F21E0CC-AE36-4227-95BA-54B7AF4DAD04}.Debug|Any CPU.Build.0 = Debug|Any CPU
		{5F21E0CC-AE36-4227-95BA-54B7AF4DAD04}.Release|Any CPU.ActiveCfg = Release|Any CPU
		{5F21E0CC-AE36-4227-95BA-54B7AF4DAD04}.Release|Any CPU.Build.0 = Release|Any CPU
	EndGlobalSection
	GlobalSection(SolutionProperties) = preSolution
		HideSolutionNode = FALSE
	EndGlobalSection
	GlobalSection(ExtensibilityGlobals) = postSolution
		SolutionGuid = {ACFD1013-BB92-4E25-B96F-ED1E98A26E9E}
	EndGlobalSection
EndGlobal
